github.com/d2r2/go-dht v0.0.0-20200119175940-4ba96621a218 h1:z3u7ZAkBvqHD2zaECn0qd1BwMCTiAYcQjFdU8vflVHo=
github.com/d2r2/go-dht v0.0.0-20200119175940-4ba96621a218/go.mod h1:AzSqP4S4/6pINOKg3VC79WC7YY3zskQcrXMFzphCry0=
github.com/d2r2/go-logger v0.0.0-20210606094344-60e9d1233e22 h1:nO+SY4KOMsF/LsZ5EtbSKhiT3M6sv/igo2PEru/xEHI=
github.com/d2r2/go-logger v0.0.0-20210606094344-60e9d1233e22/go.mod h1:eSx+YfcVy5vCjRZBNIhpIpfCGFMQ6XSOSQkDk7+VCpg=
github.com/d2r2/go-shell v0.0.0-20211022052110-f591c27e3e2e h1:6rbw4kecquuE5mELvn9DJqrFfTLkeITQSkv8chVAX2Q=
github.com/d2r2/go-shell v0.0.0-20211022052110-f591c27e3e2e/go.mod h1:yqtlOXB0bWzWgM4wZ9BdZ75OmXSiFYSKrZ3TZlPaePQ=
github.com/davecgh/go-spew v1.1.1 h1:vj9j/u1bqnvCEfJOwUhtlOARqs3+rkHYY13jYWTU97c=
github.com/davecgh/go-spew v1.1.1/go.mod h1:J7Y8YcW2NihsgmVo/mv3lAwl/skON4iLHjSsI+c5H38=
github.com/gidoBOSSftw5731/goweather v0.0.0-20240305235943-a0b1eeae0b8b h1:vOIPOhlmUlEDFH0s/FozYiYxIxbJW6QGnBPnNp+/Jvs=
github.com/gidoBOSSftw5731/goweather v0.0.0-20240305235943-a0b1eeae0b8b/go.mod h1:YzvwrL8+c/bZQOkO46Os6NVjrgGEcZYRnPo4LnC8IVs=
github.com/gidoBOSSftw5731/log v0.0.0-20210527210830-1611311b4b64 h1:9vcV5zLtrl6WiCH8c6bvvdy0dsTqq7FGRqXD61K4gG4=
github.com/gidoBOSSftw5731/log v0.0.0-20210527210830-1611311b4b64/go.mod h1:a8Ke7EvCSaGUHJbc4PB7gaOgeqAsb8TgGX0kOaunaOY=
github.com/pkg/errors v0.9.1 h1:FEBLx1zS214owpjy7qsBeixbURkuhQAwrK5UwLGTwt4=
github.com/pkg/errors v0.9.1/go.mod h1:bwawxfHBFNV+L2hUp1rHADufV3IMtnDRdf1r5NINEl0=
github.com/pmezard/go-difflib v1.0.0 h1:4DBwDE0NGyQoBHbLQYPwSUPoCMWR5BEzIk/f1lZbAQM=
github.com/pmezard/go-difflib v1.0.0/go.mod h1:iKH77koFhYxTK1pcRnkKkqfTogsbg7gZNVY4sRDYZ/4=
github.com/stretchr/testify v1.8.2 h1:+h33VjcLVPDHtOdpUCuF+7gSuG3yGIftsP1YvFihtJ8=
github.com/stretchr/testify v1.8.2/go.mod h1:w2LPCIKwWwSfY2zedu0+kehJoqGctiVI29o6fzry7u4=
github.com/warthog618/go-gpiosim v0.1.0 h1:2rTMTcKUVZxpUuvRKsagnKAbKpd3Bwffp87xywEDVGI=
github.com/warthog618/go-gpiosim v0.1.0/go.mod h1:Ngx/LYI5toxHr4E+Vm6vTgCnt0of0tktsSuMUEJ2wCI=
github.com/warthog618/gpiod v0.8.2 h1:2HgQ9pNowPp7W77sXhX5ut5Tqq1WoS3t7bXYDxtYvxc=
github.com/warthog618/gpiod v0.8.2/go.mod h1:O7BNpHjCn/4YS5yFVmoFZAlY1LuYuQ8vhPf0iy/qdi4=
golang.org/x/sys v0.10.0 h1:SqMFp9UcQJZa+pmYuAKjd9xq1f0j5rLcDIk0mj4qAsA=
golang.org/x/sys v0.10.0/go.mod h1:oPkhp1MJrh7nUepCBck5+mAzfO9JrbApNNgaTdGDITg=
gopkg.in/yaml.v3 v3.0.1 h1:fxVm/GzAzEWqLHuvctI91KS9hhNmmWOoWu0XTYJS7CA=
gopkg.in/yaml.v3 v3.0.1/go.mod h1:K4uyk7z7BCEPqu6E+C64Yfv1cQ7kz7rIZviUmN+EgEM=
